
Microsoft Visual Studio Solution File, Format Version 12.00
# Visual Studio Version 17
VisualStudioVersion = 17.0.31903.59
MinimumVisualStudioVersion = 10.0.40219.1
Project("{9A19103F-16F7-4668-BE54-9A1E7A4F7556}") = "MauiClient", "MauiClient\MauiClient.csproj", "{2D4E3017-F36A-4AD2-9828-7F9324D0619B}"
EndProject
Project("{FAE04EC0-301F-11D3-BF4B-00C04F79EFBC}") = "Localhost.Api", "Localhost.Api\Localhost.Api.csproj", "{BE76239C-3779-4C57-9FC5-BB88847F48EC}"
EndProject
Global
	GlobalSection(SolutionConfigurationPlatforms) = preSolution
		Debug|Any CPU = Debug|Any CPU
		Release|Any CPU = Release|Any CPU
	EndGlobalSection
	GlobalSection(ProjectConfigurationPlatforms) = postSolution
		{2D4E3017-F36A-4AD2-9828-7F9324D0619B}.Debug|Any CPU.ActiveCfg = Debug|Any CPU
		{2D4E3017-F36A-4AD2-9828-7F9324D0619B}.Debug|Any CPU.Build.0 = Debug|Any CPU
		{2D4E3017-F36A-4AD2-9828-7F9324D0619B}.Debug|Any CPU.Deploy.0 = Debug|Any CPU
		{2D4E3017-F36A-4AD2-9828-7F9324D0619B}.Release|Any CPU.ActiveCfg = Release|Any CPU
		{2D4E3017-F36A-4AD2-9828-7F9324D0619B}.Release|Any CPU.Build.0 = Release|Any CPU
		{2D4E3017-F36A-4AD2-9828-7F9324D0619B}.Release|Any CPU.Deploy.0 = Release|Any CPU
		{BE76239C-3779-4C57-9FC5-BB88847F48EC}.Debug|Any CPU.ActiveCfg = Debug|Any CPU
		{BE76239C-3779-4C57-9FC5-BB88847F48EC}.Debug|Any CPU.Build.0 = Debug|Any CPU
		{BE76239C-3779-4C57-9FC5-BB88847F48EC}.Release|Any CPU.ActiveCfg = Release|Any CPU
		{BE76239C-3779-4C57-9FC5-BB88847F48EC}.Release|Any CPU.Build.0 = Release|Any CPU
	EndGlobalSection
	GlobalSection(SolutionProperties) = preSolution
		HideSolutionNode = FALSE
	EndGlobalSection
	GlobalSection(ExtensibilityGlobals) = postSolution
		SolutionGuid = {38F984EE-47ED-451A-8B79-85A1832E193B}
	EndGlobalSection
EndGlobal
